
Microsoft Visual Studio Solution File, Format Version 12.00
# Visual Studio Version 17
VisualStudioVersion = 17.12.35707.178
MinimumVisualStudioVersion = 10.0.40219.1
Project("{FAE04EC0-301F-11D3-BF4B-00C04F79EFBC}") = "GenericRepository.Library", "GenericRepository.Library\GenericRepository.Library.csproj", "{ACE054E8-4C2D-49E9-AC14-31E41D509EF7}"
EndProject
Project("{FAE04EC0-301F-11D3-BF4B-00C04F79EFBC}") = "Test.API", "Test.API\Test.API.csproj", "{5CF3C2AE-CA29-4D07-8555-7A3E5BDEDACC}"
EndProject
Project("{FAE04EC0-301F-11D3-BF4B-00C04F79EFBC}") = "Results.Library", "Results.Library\Results.Library.csproj", "{01BC7FF4-072F-4065-8C51-21ACAB16544B}"
EndProject
Global
	GlobalSection(SolutionConfigurationPlatforms) = preSolution
		Debug|Any CPU = Debug|Any CPU
		Release|Any CPU = Release|Any CPU
	EndGlobalSection
	GlobalSection(ProjectConfigurationPlatforms) = postSolution
		{ACE054E8-4C2D-49E9-AC14-31E41D509EF7}.Debug|Any CPU.ActiveCfg = Debug|Any CPU
		{ACE054E8-4C2D-49E9-AC14-31E41D509EF7}.Debug|Any CPU.Build.0 = Debug|Any CPU
		{ACE054E8-4C2D-49E9-AC14-31E41D509EF7}.Release|Any CPU.ActiveCfg = Release|Any CPU
		{ACE054E8-4C2D-49E9-AC14-31E41D509EF7}.Release|Any CPU.Build.0 = Release|Any CPU
		{5CF3C2AE-CA29-4D07-8555-7A3E5BDEDACC}.Debug|Any CPU.ActiveCfg = Debug|Any CPU
		{5CF3C2AE-CA29-4D07-8555-7A3E5BDEDACC}.Debug|Any CPU.Build.0 = Debug|Any CPU
		{5CF3C2AE-CA29-4D07-8555-7A3E5BDEDACC}.Release|Any CPU.ActiveCfg = Release|Any CPU
		{5CF3C2AE-CA29-4D07-8555-7A3E5BDEDACC}.Release|Any CPU.Build.0 = Release|Any CPU
		{01BC7FF4-072F-4065-8C51-21ACAB16544B}.Debug|Any CPU.ActiveCfg = Debug|Any CPU
		{01BC7FF4-072F-4065-8C51-21ACAB16544B}.Debug|Any CPU.Build.0 = Debug|Any CPU
		{01BC7FF4-072F-4065-8C51-21ACAB16544B}.Release|Any CPU.ActiveCfg = Release|Any CPU
		{01BC7FF4-072F-4065-8C51-21ACAB16544B}.Release|Any CPU.Build.0 = Release|Any CPU
	EndGlobalSection
	GlobalSection(SolutionProperties) = preSolution
		HideSolutionNode = FALSE
	EndGlobalSection
EndGlobal
